
Microsoft Visual Studio Solution File, Format Version 12.00
# Visual Studio Version 17
VisualStudioVersion = 17.1.32210.238
MinimumVisualStudioVersion = 10.0.40219.1
Project("{9A19103F-16F7-4668-BE54-9A1E7A4F7556}") = "Obra.Domain", "Obra.Domain\Obra.Domain\Obra.Domain.csproj", "{3117A1B6-9F85-405C-A978-FE7CC2FF0EB6}"
EndProject
Project("{9A19103F-16F7-4668-BE54-9A1E7A4F7556}") = "Obra.API", "Obra.API\Obra.API.csproj", "{B63708D5-5700-4F2B-A7D9-60000F7F6146}"
EndProject
Project("{9A19103F-16F7-4668-BE54-9A1E7A4F7556}") = "Obra.MVC", "Obra.MVC\Obra.MVC.csproj", "{3FAD0CBB-A24E-4534-83BB-B77D62770577}"
EndProject
Project("{9A19103F-16F7-4668-BE54-9A1E7A4F7556}") = "Obra.Infra", "Obra.Infra\Obra.Infra.csproj", "{8ABD67FE-34CF-4BE4-A8C9-813381B852D2}"
EndProject
Global
	GlobalSection(SolutionConfigurationPlatforms) = preSolution
		Debug|Any CPU = Debug|Any CPU
		Release|Any CPU = Release|Any CPU
	EndGlobalSection
	GlobalSection(ProjectConfigurationPlatforms) = postSolution
		{3117A1B6-9F85-405C-A978-FE7CC2FF0EB6}.Debug|Any CPU.ActiveCfg = Debug|Any CPU
		{3117A1B6-9F85-405C-A978-FE7CC2FF0EB6}.Debug|Any CPU.Build.0 = Debug|Any CPU
		{3117A1B6-9F85-405C-A978-FE7CC2FF0EB6}.Release|Any CPU.ActiveCfg = Release|Any CPU
		{3117A1B6-9F85-405C-A978-FE7CC2FF0EB6}.Release|Any CPU.Build.0 = Release|Any CPU
		{B63708D5-5700-4F2B-A7D9-60000F7F6146}.Debug|Any CPU.ActiveCfg = Debug|Any CPU
		{B63708D5-5700-4F2B-A7D9-60000F7F6146}.Debug|Any CPU.Build.0 = Debug|Any CPU
		{B63708D5-5700-4F2B-A7D9-60000F7F6146}.Release|Any CPU.ActiveCfg = Release|Any CPU
		{B63708D5-5700-4F2B-A7D9-60000F7F6146}.Release|Any CPU.Build.0 = Release|Any CPU
		{3FAD0CBB-A24E-4534-83BB-B77D62770577}.Debug|Any CPU.ActiveCfg = Debug|Any CPU
		{3FAD0CBB-A24E-4534-83BB-B77D62770577}.Debug|Any CPU.Build.0 = Debug|Any CPU
		{3FAD0CBB-A24E-4534-83BB-B77D62770577}.Release|Any CPU.ActiveCfg = Release|Any CPU
		{3FAD0CBB-A24E-4534-83BB-B77D62770577}.Release|Any CPU.Build.0 = Release|Any CPU
		{8ABD67FE-34CF-4BE4-A8C9-813381B852D2}.Debug|Any CPU.ActiveCfg = Debug|Any CPU
		{8ABD67FE-34CF-4BE4-A8C9-813381B852D2}.Debug|Any CPU.Build.0 = Debug|Any CPU
		{8ABD67FE-34CF-4BE4-A8C9-813381B852D2}.Release|Any CPU.ActiveCfg = Release|Any CPU
		{8ABD67FE-34CF-4BE4-A8C9-813381B852D2}.Release|Any CPU.Build.0 = Release|Any CPU
	EndGlobalSection
	GlobalSection(SolutionProperties) = preSolution
		HideSolutionNode = FALSE
	EndGlobalSection
	GlobalSection(ExtensibilityGlobals) = postSolution
		SolutionGuid = {04C117E0-611C-4615-8CFE-16A2A1995117}
	EndGlobalSection
EndGlobal
